// !$*UTF8*$!
{
	archiveVersion = 1;
	classes = {
	};
	objectVersion = 46;
	objects = {

/* Begin PBXBuildFile section */
		98D0572819FD16BB009BECED /* main.m in Sources */ = {isa = PBXBuildFile; fileRef = 98D0572719FD16BB009BECED /* main.m */; };
		98D0572B19FD16BB009BECED /* AppDelegate.m in Sources */ = {isa = PBXBuildFile; fileRef = 98D0572A19FD16BB009BECED /* AppDelegate.m */; };
		98D0572E19FD16BB009BECED /* ViewController.m in Sources */ = {isa = PBXBuildFile; fileRef = 98D0572D19FD16BB009BECED /* ViewController.m */; };
		98D0573119FD16BB009BECED /* Main.storyboard in Resources */ = {isa = PBXBuildFile; fileRef = 98D0572F19FD16BB009BECED /* Main.storyboard */; };
		98D0573319FD16BB009BECED /* Images.xcassets in Resources */ = {isa = PBXBuildFile; fileRef = 98D0573219FD16BB009BECED /* Images.xcassets */; };
		98D0573619FD16BB009BECED /* LaunchScreen.xib in Resources */ = {isa = PBXBuildFile; fileRef = 98D0573419FD16BB009BECED /* LaunchScreen.xib */; };
		98D0574219FD16BB009BECED /* TurkcellUpdaterTests.m in Sources */ = {isa = PBXBuildFile; fileRef = 98D0574119FD16BB009BECED /* TurkcellUpdaterTests.m */; };
		98D0576919FD16FA009BECED /* Configuration.m in Sources */ = {isa = PBXBuildFile; fileRef = 98D0574D19FD16FA009BECED /* Configuration.m */; };
		98D0576A19FD16FA009BECED /* Controller.m in Sources */ = {isa = PBXBuildFile; fileRef = 98D0574F19FD16FA009BECED /* Controller.m */; };
		98D0576B19FD16FA009BECED /* CustomIOS7AlertView.m in Sources */ = {isa = PBXBuildFile; fileRef = 98D0575119FD16FA009BECED /* CustomIOS7AlertView.m */; };
		98D0576C19FD16FA009BECED /* Filter.m in Sources */ = {isa = PBXBuildFile; fileRef = 98D0575319FD16FA009BECED /* Filter.m */; };
		98D0576D19FD16FA009BECED /* FLImageView.m in Sources */ = {isa = PBXBuildFile; fileRef = 98D0575519FD16FA009BECED /* FLImageView.m */; };
		98D0576E19FD16FA009BECED /* FullyLoaded.m in Sources */ = {isa = PBXBuildFile; fileRef = 98D0575719FD16FA009BECED /* FullyLoaded.m */; };
		98D0576F19FD16FA009BECED /* Message.m in Sources */ = {isa = PBXBuildFile; fileRef = 98D0575919FD16FA009BECED /* Message.m */; };
		98D0577019FD16FA009BECED /* MessageView.m in Sources */ = {isa = PBXBuildFile; fileRef = 98D0575B19FD16FA009BECED /* MessageView.m */; };
		98D0577119FD16FA009BECED /* UIAlertViewCustom.m in Sources */ = {isa = PBXBuildFile; fileRef = 98D0575F19FD16FA009BECED /* UIAlertViewCustom.m */; };
		98D0577219FD16FA009BECED /* UpdateCheck.m in Sources */ = {isa = PBXBuildFile; fileRef = 98D0576119FD16FA009BECED /* UpdateCheck.m */; };
		98D0577319FD16FA009BECED /* updater_strings.plist in Resources */ = {isa = PBXBuildFile; fileRef = 98D0576319FD16FA009BECED /* updater_strings.plist */; };
		98D0577419FD16FA009BECED /* UpdaterController.m in Sources */ = {isa = PBXBuildFile; fileRef = 98D0576519FD16FA009BECED /* UpdaterController.m */; };
		98D0577519FD16FA009BECED /* UpdateServerIntegration.m in Sources */ = {isa = PBXBuildFile; fileRef = 98D0576819FD16FA009BECED /* UpdateServerIntegration.m */; };
/* End PBXBuildFile section */

/* Begin PBXContainerItemProxy section */
		98D0573C19FD16BB009BECED /* PBXContainerItemProxy */ = {
			isa = PBXContainerItemProxy;
			containerPortal = 98D0571A19FD16BB009BECED /* Project object */;
			proxyType = 1;
			remoteGlobalIDString = 98D0572119FD16BB009BECED;
			remoteInfo = TurkcellUpdater;
		};
/* End PBXContainerItemProxy section */

/* Begin PBXFileReference section */
		98D0572219FD16BB009BECED /* TurkcellUpdater.app */ = {isa = PBXFileReference; explicitFileType = wrapper.application; includeInIndex = 0; path = TurkcellUpdater.app; sourceTree = BUILT_PRODUCTS_DIR; };
		98D0572619FD16BB009BECED /* Info.plist */ = {isa = PBXFileReference; lastKnownFileType = text.plist.xml; path = Info.plist; sourceTree = "<group>"; };
		98D0572719FD16BB009BECED /* main.m */ = {isa = PBXFileReference; lastKnownFileType = sourcecode.c.objc; path = main.m; sourceTree = "<group>"; };
		98D0572919FD16BB009BECED /* AppDelegate.h */ = {isa = PBXFileReference; lastKnownFileType = sourcecode.c.h; path = AppDelegate.h; sourceTree = "<group>"; };
		98D0572A19FD16BB009BECED /* AppDelegate.m */ = {isa = PBXFileReference; lastKnownFileType = sourcecode.c.objc; path = AppDelegate.m; sourceTree = "<group>"; };
		98D0572C19FD16BB009BECED /* ViewController.h */ = {isa = PBXFileReference; lastKnownFileType = sourcecode.c.h; path = ViewController.h; sourceTree = "<group>"; };
		98D0572D19FD16BB009BECED /* ViewController.m */ = {isa = PBXFileReference; lastKnownFileType = sourcecode.c.objc; path = ViewController.m; sourceTree = "<group>"; };
		98D0573019FD16BB009BECED /* Base */ = {isa = PBXFileReference; lastKnownFileType = file.storyboard; name = Base; path = Base.lproj/Main.storyboard; sourceTree = "<group>"; };
		98D0573219FD16BB009BECED /* Images.xcassets */ = {isa = PBXFileReference; lastKnownFileType = folder.assetcatalog; path = Images.xcassets; sourceTree = "<group>"; };
		98D0573519FD16BB009BECED /* Base */ = {isa = PBXFileReference; lastKnownFileType = file.xib; name = Base; path = Base.lproj/LaunchScreen.xib; sourceTree = "<group>"; };
		98D0573B19FD16BB009BECED /* TurkcellUpdaterTests.xctest */ = {isa = PBXFileReference; explicitFileType = wrapper.cfbundle; includeInIndex = 0; path = TurkcellUpdaterTests.xctest; sourceTree = BUILT_PRODUCTS_DIR; };
		98D0574019FD16BB009BECED /* Info.plist */ = {isa = PBXFileReference; lastKnownFileType = text.plist.xml; path = Info.plist; sourceTree = "<group>"; };
		98D0574119FD16BB009BECED /* TurkcellUpdaterTests.m */ = {isa = PBXFileReference; lastKnownFileType = sourcecode.c.objc; path = TurkcellUpdaterTests.m; sourceTree = "<group>"; };
		98D0574C19FD16FA009BECED /* Configuration.h */ = {isa = PBXFileReference; fileEncoding = 4; lastKnownFileType = sourcecode.c.h; path = Configuration.h; sourceTree = "<group>"; };
		98D0574D19FD16FA009BECED /* Configuration.m */ = {isa = PBXFileReference; fileEncoding = 4; lastKnownFileType = sourcecode.c.objc; path = Configuration.m; sourceTree = "<group>"; };
		98D0574E19FD16FA009BECED /* Controller.h */ = {isa = PBXFileReference; fileEncoding = 4; lastKnownFileType = sourcecode.c.h; path = Controller.h; sourceTree = "<group>"; };
		98D0574F19FD16FA009BECED /* Controller.m */ = {isa = PBXFileReference; fileEncoding = 4; lastKnownFileType = sourcecode.c.objc; path = Controller.m; sourceTree = "<group>"; };
		98D0575019FD16FA009BECED /* CustomIOS7AlertView.h */ = {isa = PBXFileReference; fileEncoding = 4; lastKnownFileType = sourcecode.c.h; path = CustomIOS7AlertView.h; sourceTree = "<group>"; };
		98D0575119FD16FA009BECED /* CustomIOS7AlertView.m */ = {isa = PBXFileReference; fileEncoding = 4; lastKnownFileType = sourcecode.c.objc; path = CustomIOS7AlertView.m; sourceTree = "<group>"; };
		98D0575219FD16FA009BECED /* Filter.h */ = {isa = PBXFileReference; fileEncoding = 4; lastKnownFileType = sourcecode.c.h; path = Filter.h; sourceTree = "<group>"; };
		98D0575319FD16FA009BECED /* Filter.m */ = {isa = PBXFileReference; fileEncoding = 4; lastKnownFileType = sourcecode.c.objc; path = Filter.m; sourceTree = "<group>"; };
		98D0575419FD16FA009BECED /* FLImageView.h */ = {isa = PBXFileReference; fileEncoding = 4; lastKnownFileType = sourcecode.c.h; path = FLImageView.h; sourceTree = "<group>"; };
		98D0575519FD16FA009BECED /* FLImageView.m */ = {isa = PBXFileReference; fileEncoding = 4; lastKnownFileType = sourcecode.c.objc; path = FLImageView.m; sourceTree = "<group>"; };
		98D0575619FD16FA009BECED /* FullyLoaded.h */ = {isa = PBXFileReference; fileEncoding = 4; lastKnownFileType = sourcecode.c.h; path = FullyLoaded.h; sourceTree = "<group>"; };
		98D0575719FD16FA009BECED /* FullyLoaded.m */ = {isa = PBXFileReference; fileEncoding = 4; lastKnownFileType = sourcecode.c.objc; path = FullyLoaded.m; sourceTree = "<group>"; };
		98D0575819FD16FA009BECED /* Message.h */ = {isa = PBXFileReference; fileEncoding = 4; lastKnownFileType = sourcecode.c.h; path = Message.h; sourceTree = "<group>"; };
		98D0575919FD16FA009BECED /* Message.m */ = {isa = PBXFileReference; fileEncoding = 4; lastKnownFileType = sourcecode.c.objc; path = Message.m; sourceTree = "<group>"; };
		98D0575A19FD16FA009BECED /* MessageView.h */ = {isa = PBXFileReference; fileEncoding = 4; lastKnownFileType = sourcecode.c.h; path = MessageView.h; sourceTree = "<group>"; };
		98D0575B19FD16FA009BECED /* MessageView.m */ = {isa = PBXFileReference; fileEncoding = 4; lastKnownFileType = sourcecode.c.objc; path = MessageView.m; sourceTree = "<group>"; };
		98D0575C19FD16FA009BECED /* MessageViewDelegate.h */ = {isa = PBXFileReference; fileEncoding = 4; lastKnownFileType = sourcecode.c.h; path = MessageViewDelegate.h; sourceTree = "<group>"; };
		98D0575E19FD16FA009BECED /* UIAlertViewCustom.h */ = {isa = PBXFileReference; fileEncoding = 4; lastKnownFileType = sourcecode.c.h; path = UIAlertViewCustom.h; sourceTree = "<group>"; };
		98D0575F19FD16FA009BECED /* UIAlertViewCustom.m */ = {isa = PBXFileReference; fileEncoding = 4; lastKnownFileType = sourcecode.c.objc; path = UIAlertViewCustom.m; sourceTree = "<group>"; };
		98D0576019FD16FA009BECED /* UpdateCheck.h */ = {isa = PBXFileReference; fileEncoding = 4; lastKnownFileType = sourcecode.c.h; path = UpdateCheck.h; sourceTree = "<group>"; };
		98D0576119FD16FA009BECED /* UpdateCheck.m */ = {isa = PBXFileReference; fileEncoding = 4; lastKnownFileType = sourcecode.c.objc; path = UpdateCheck.m; sourceTree = "<group>"; };
		98D0576219FD16FA009BECED /* UpdateCheckDelegate.h */ = {isa = PBXFileReference; fileEncoding = 4; lastKnownFileType = sourcecode.c.h; path = UpdateCheckDelegate.h; sourceTree = "<group>"; };
		98D0576319FD16FA009BECED /* updater_strings.plist */ = {isa = PBXFileReference; fileEncoding = 4; lastKnownFileType = text.plist.xml; path = updater_strings.plist; sourceTree = "<group>"; };
		98D0576419FD16FA009BECED /* UpdaterController.h */ = {isa = PBXFileReference; fileEncoding = 4; lastKnownFileType = sourcecode.c.h; path = UpdaterController.h; sourceTree = "<group>"; };
		98D0576519FD16FA009BECED /* UpdaterController.m */ = {isa = PBXFileReference; fileEncoding = 4; lastKnownFileType = sourcecode.c.objc; path = UpdaterController.m; sourceTree = "<group>"; };
		98D0576619FD16FA009BECED /* UpdaterControllerDelegate.h */ = {isa = PBXFileReference; fileEncoding = 4; lastKnownFileType = sourcecode.c.h; path = UpdaterControllerDelegate.h; sourceTree = "<group>"; };
		98D0576719FD16FA009BECED /* UpdateServerIntegration.h */ = {isa = PBXFileReference; fileEncoding = 4; lastKnownFileType = sourcecode.c.h; path = UpdateServerIntegration.h; sourceTree = "<group>"; };
		98D0576819FD16FA009BECED /* UpdateServerIntegration.m */ = {isa = PBXFileReference; fileEncoding = 4; lastKnownFileType = sourcecode.c.objc; path = UpdateServerIntegration.m; sourceTree = "<group>"; };
/* End PBXFileReference section */

/* Begin PBXFrameworksBuildPhase section */
		98D0571F19FD16BB009BECED /* Frameworks */ = {
			isa = PBXFrameworksBuildPhase;
			buildActionMask = 2147483647;
			files = (
			);
			runOnlyForDeploymentPostprocessing = 0;
		};
		98D0573819FD16BB009BECED /* Frameworks */ = {
			isa = PBXFrameworksBuildPhase;
			buildActionMask = 2147483647;
			files = (
			);
			runOnlyForDeploymentPostprocessing = 0;
		};
/* End PBXFrameworksBuildPhase section */

/* Begin PBXGroup section */
		98D0571919FD16BB009BECED = {
			isa = PBXGroup;
			children = (
				98D0572419FD16BB009BECED /* TurkcellUpdater */,
				98D0573E19FD16BB009BECED /* TurkcellUpdaterTests */,
				98D0572319FD16BB009BECED /* Products */,
			);
			sourceTree = "<group>";
		};
		98D0572319FD16BB009BECED /* Products */ = {
			isa = PBXGroup;
			children = (
				98D0572219FD16BB009BECED /* TurkcellUpdater.app */,
				98D0573B19FD16BB009BECED /* TurkcellUpdaterTests.xctest */,
			);
			name = Products;
			sourceTree = "<group>";
		};
		98D0572419FD16BB009BECED /* TurkcellUpdater */ = {
			isa = PBXGroup;
			children = (
				98D0574B19FD16FA009BECED /* TurkcellUpdaterDSK */,
				98D0572919FD16BB009BECED /* AppDelegate.h */,
				98D0572A19FD16BB009BECED /* AppDelegate.m */,
				98D0572C19FD16BB009BECED /* ViewController.h */,
				98D0572D19FD16BB009BECED /* ViewController.m */,
				98D0572F19FD16BB009BECED /* Main.storyboard */,
				98D0573219FD16BB009BECED /* Images.xcassets */,
				98D0573419FD16BB009BECED /* LaunchScreen.xib */,
				98D0572519FD16BB009BECED /* Supporting Files */,
			);
			path = TurkcellUpdater;
			sourceTree = "<group>";
		};
		98D0572519FD16BB009BECED /* Supporting Files */ = {
			isa = PBXGroup;
			children = (
				98D0572619FD16BB009BECED /* Info.plist */,
				98D0572719FD16BB009BECED /* main.m */,
			);
			name = "Supporting Files";
			sourceTree = "<group>";
		};
		98D0573E19FD16BB009BECED /* TurkcellUpdaterTests */ = {
			isa = PBXGroup;
			children = (
				98D0574119FD16BB009BECED /* TurkcellUpdaterTests.m */,
				98D0573F19FD16BB009BECED /* Supporting Files */,
			);
			path = TurkcellUpdaterTests;
			sourceTree = "<group>";
		};
		98D0573F19FD16BB009BECED /* Supporting Files */ = {
			isa = PBXGroup;
			children = (
				98D0574019FD16BB009BECED /* Info.plist */,
			);
			name = "Supporting Files";
			sourceTree = "<group>";
		};
		98D0574B19FD16FA009BECED /* TurkcellUpdaterDSK */ = {
			isa = PBXGroup;
			children = (
				98D0574C19FD16FA009BECED /* Configuration.h */,
				98D0574D19FD16FA009BECED /* Configuration.m */,
				98D0574E19FD16FA009BECED /* Controller.h */,
				98D0574F19FD16FA009BECED /* Controller.m */,
				98D0575019FD16FA009BECED /* CustomIOS7AlertView.h */,
				98D0575119FD16FA009BECED /* CustomIOS7AlertView.m */,
				98D0575219FD16FA009BECED /* Filter.h */,
				98D0575319FD16FA009BECED /* Filter.m */,
				98D0575419FD16FA009BECED /* FLImageView.h */,
				98D0575519FD16FA009BECED /* FLImageView.m */,
				98D0575619FD16FA009BECED /* FullyLoaded.h */,
				98D0575719FD16FA009BECED /* FullyLoaded.m */,
				98D0575819FD16FA009BECED /* Message.h */,
				98D0575919FD16FA009BECED /* Message.m */,
				98D0575A19FD16FA009BECED /* MessageView.h */,
				98D0575B19FD16FA009BECED /* MessageView.m */,
				98D0575C19FD16FA009BECED /* MessageViewDelegate.h */,
				98D0575E19FD16FA009BECED /* UIAlertViewCustom.h */,
				98D0575F19FD16FA009BECED /* UIAlertViewCustom.m */,
				98D0576019FD16FA009BECED /* UpdateCheck.h */,
				98D0576119FD16FA009BECED /* UpdateCheck.m */,
				98D0576219FD16FA009BECED /* UpdateCheckDelegate.h */,
				98D0576319FD16FA009BECED /* updater_strings.plist */,
				98D0576419FD16FA009BECED /* UpdaterController.h */,
				98D0576519FD16FA009BECED /* UpdaterController.m */,
				98D0576619FD16FA009BECED /* UpdaterControllerDelegate.h */,
				98D0576719FD16FA009BECED /* UpdateServerIntegration.h */,
				98D0576819FD16FA009BECED /* UpdateServerIntegration.m */,
			);
			path = TurkcellUpdaterDSK;
			sourceTree = "<group>";
		};
/* End PBXGroup section */

/* Begin PBXNativeTarget section */
		98D0572119FD16BB009BECED /* TurkcellUpdater */ = {
			isa = PBXNativeTarget;
			buildConfigurationList = 98D0574519FD16BB009BECED /* Build configuration list for PBXNativeTarget "TurkcellUpdater" */;
			buildPhases = (
				98D0571E19FD16BB009BECED /* Sources */,
				98D0571F19FD16BB009BECED /* Frameworks */,
				98D0572019FD16BB009BECED /* Resources */,
			);
			buildRules = (
			);
			dependencies = (
			);
			name = TurkcellUpdater;
			productName = TurkcellUpdater;
			productReference = 98D0572219FD16BB009BECED /* TurkcellUpdater.app */;
			productType = "com.apple.product-type.application";
		};
		98D0573A19FD16BB009BECED /* TurkcellUpdaterTests */ = {
			isa = PBXNativeTarget;
			buildConfigurationList = 98D0574819FD16BB009BECED /* Build configuration list for PBXNativeTarget "TurkcellUpdaterTests" */;
			buildPhases = (
				98D0573719FD16BB009BECED /* Sources */,
				98D0573819FD16BB009BECED /* Frameworks */,
				98D0573919FD16BB009BECED /* Resources */,
			);
			buildRules = (
			);
			dependencies = (
				98D0573D19FD16BB009BECED /* PBXTargetDependency */,
			);
			name = TurkcellUpdaterTests;
			productName = TurkcellUpdaterTests;
			productReference = 98D0573B19FD16BB009BECED /* TurkcellUpdaterTests.xctest */;
			productType = "com.apple.product-type.bundle.unit-test";
		};
/* End PBXNativeTarget section */

/* Begin PBXProject section */
		98D0571A19FD16BB009BECED /* Project object */ = {
			isa = PBXProject;
			attributes = {
				LastUpgradeCheck = 0610;
				ORGANIZATIONNAME = "Abdulbasıt Tanhan";
				TargetAttributes = {
					98D0572119FD16BB009BECED = {
						CreatedOnToolsVersion = 6.1;
					};
					98D0573A19FD16BB009BECED = {
						CreatedOnToolsVersion = 6.1;
						TestTargetID = 98D0572119FD16BB009BECED;
					};
				};
			};
			buildConfigurationList = 98D0571D19FD16BB009BECED /* Build configuration list for PBXProject "TurkcellUpdater" */;
			compatibilityVersion = "Xcode 3.2";
			developmentRegion = English;
			hasScannedForEncodings = 0;
			knownRegions = (
				en,
				Base,
			);
			mainGroup = 98D0571919FD16BB009BECED;
			productRefGroup = 98D0572319FD16BB009BECED /* Products */;
			projectDirPath = "";
			projectRoot = "";
			targets = (
				98D0572119FD16BB009BECED /* TurkcellUpdater */,
				98D0573A19FD16BB009BECED /* TurkcellUpdaterTests */,
			);
		};
/* End PBXProject section */

/* Begin PBXResourcesBuildPhase section */
		98D0572019FD16BB009BECED /* Resources */ = {
			isa = PBXResourcesBuildPhase;
			buildActionMask = 2147483647;
			files = (
				98D0573119FD16BB009BECED /* Main.storyboard in Resources */,
				98D0577319FD16FA009BECED /* updater_strings.plist in Resources */,
				98D0573619FD16BB009BECED /* LaunchScreen.xib in Resources */,
				98D0573319FD16BB009BECED /* Images.xcassets in Resources */,
			);
			runOnlyForDeploymentPostprocessing = 0;
		};
		98D0573919FD16BB009BECED /* Resources */ = {
			isa = PBXResourcesBuildPhase;
			buildActionMask = 2147483647;
			files = (
			);
			runOnlyForDeploymentPostprocessing = 0;
		};
/* End PBXResourcesBuildPhase section */

/* Begin PBXSourcesBuildPhase section */
		98D0571E19FD16BB009BECED /* Sources */ = {
			isa = PBXSourcesBuildPhase;
			buildActionMask = 2147483647;
			files = (
				98D0576D19FD16FA009BECED /* FLImageView.m in Sources */,
				98D0576B19FD16FA009BECED /* CustomIOS7AlertView.m in Sources */,
				98D0576C19FD16FA009BECED /* Filter.m in Sources */,
				98D0572E19FD16BB009BECED /* ViewController.m in Sources */,
				98D0576A19FD16FA009BECED /* Controller.m in Sources */,
				98D0572B19FD16BB009BECED /* AppDelegate.m in Sources */,
				98D0577119FD16FA009BECED /* UIAlertViewCustom.m in Sources */,
				98D0577519FD16FA009BECED /* UpdateServerIntegration.m in Sources */,
				98D0577419FD16FA009BECED /* UpdaterController.m in Sources */,
				98D0576919FD16FA009BECED /* Configuration.m in Sources */,
				98D0576F19FD16FA009BECED /* Message.m in Sources */,
				98D0577219FD16FA009BECED /* UpdateCheck.m in Sources */,
				98D0576E19FD16FA009BECED /* FullyLoaded.m in Sources */,
				98D0577019FD16FA009BECED /* MessageView.m in Sources */,
				98D0572819FD16BB009BECED /* main.m in Sources */,
			);
			runOnlyForDeploymentPostprocessing = 0;
		};
		98D0573719FD16BB009BECED /* Sources */ = {
			isa = PBXSourcesBuildPhase;
			buildActionMask = 2147483647;
			files = (
				98D0574219FD16BB009BECED /* TurkcellUpdaterTests.m in Sources */,
			);
			runOnlyForDeploymentPostprocessing = 0;
		};
/* End PBXSourcesBuildPhase section */

/* Begin PBXTargetDependency section */
		98D0573D19FD16BB009BECED /* PBXTargetDependency */ = {
			isa = PBXTargetDependency;
			target = 98D0572119FD16BB009BECED /* TurkcellUpdater */;
			targetProxy = 98D0573C19FD16BB009BECED /* PBXContainerItemProxy */;
		};
/* End PBXTargetDependency section */

/* Begin PBXVariantGroup section */
		98D0572F19FD16BB009BECED /* Main.storyboard */ = {
			isa = PBXVariantGroup;
			children = (
				98D0573019FD16BB009BECED /* Base */,
			);
			name = Main.storyboard;
			sourceTree = "<group>";
		};
		98D0573419FD16BB009BECED /* LaunchScreen.xib */ = {
			isa = PBXVariantGroup;
			children = (
				98D0573519FD16BB009BECED /* Base */,
			);
			name = LaunchScreen.xib;
			sourceTree = "<group>";
		};
/* End PBXVariantGroup section */

/* Begin XCBuildConfiguration section */
		98D0574319FD16BB009BECED /* Debug */ = {
			isa = XCBuildConfiguration;
			buildSettings = {
				ALWAYS_SEARCH_USER_PATHS = NO;
				CLANG_CXX_LANGUAGE_STANDARD = "gnu++0x";
				CLANG_CXX_LIBRARY = "libc++";
				CLANG_ENABLE_MODULES = YES;
				CLANG_ENABLE_OBJC_ARC = YES;
				CLANG_WARN_BOOL_CONVERSION = YES;
				CLANG_WARN_CONSTANT_CONVERSION = YES;
				CLANG_WARN_DIRECT_OBJC_ISA_USAGE = YES_ERROR;
				CLANG_WARN_EMPTY_BODY = YES;
				CLANG_WARN_ENUM_CONVERSION = YES;
				CLANG_WARN_INT_CONVERSION = YES;
				CLANG_WARN_OBJC_ROOT_CLASS = YES_ERROR;
				CLANG_WARN_UNREACHABLE_CODE = YES;
				CLANG_WARN__DUPLICATE_METHOD_MATCH = YES;
				"CODE_SIGN_IDENTITY[sdk=iphoneos*]" = "iPhone Developer";
				COPY_PHASE_STRIP = NO;
				ENABLE_STRICT_OBJC_MSGSEND = YES;
				GCC_C_LANGUAGE_STANDARD = gnu99;
				GCC_DYNAMIC_NO_PIC = NO;
				GCC_OPTIMIZATION_LEVEL = 0;
				GCC_PREPROCESSOR_DEFINITIONS = (
					"DEBUG=1",
					"$(inherited)",
				);
				GCC_SYMBOLS_PRIVATE_EXTERN = NO;
				GCC_WARN_64_TO_32_BIT_CONVERSION = YES;
				GCC_WARN_ABOUT_RETURN_TYPE = YES_ERROR;
				GCC_WARN_UNDECLARED_SELECTOR = YES;
				GCC_WARN_UNINITIALIZED_AUTOS = YES_AGGRESSIVE;
				GCC_WARN_UNUSED_FUNCTION = YES;
				GCC_WARN_UNUSED_VARIABLE = YES;
				IPHONEOS_DEPLOYMENT_TARGET = 6.0;
				MTL_ENABLE_DEBUG_INFO = YES;
				ONLY_ACTIVE_ARCH = YES;
				SDKROOT = iphoneos;
			};
			name = Debug;
		};
		98D0574419FD16BB009BECED /* Release */ = {
			isa = XCBuildConfiguration;
			buildSettings = {
				ALWAYS_SEARCH_USER_PATHS = NO;
				CLANG_CXX_LANGUAGE_STANDARD = "gnu++0x";
				CLANG_CXX_LIBRARY = "libc++";
				CLANG_ENABLE_MODULES = YES;
				CLANG_ENABLE_OBJC_ARC = YES;
				CLANG_WARN_BOOL_CONVERSION = YES;
				CLANG_WARN_CONSTANT_CONVERSION = YES;
				CLANG_WARN_DIRECT_OBJC_ISA_USAGE = YES_ERROR;
				CLANG_WARN_EMPTY_BODY = YES;
				CLANG_WARN_ENUM_CONVERSION = YES;
				CLANG_WARN_INT_CONVERSION = YES;
				CLANG_WARN_OBJC_ROOT_CLASS = YES_ERROR;
				CLANG_WARN_UNREACHABLE_CODE = YES;
				CLANG_WARN__DUPLICATE_METHOD_MATCH = YES;
				"CODE_SIGN_IDENTITY[sdk=iphoneos*]" = "iPhone Developer";
				COPY_PHASE_STRIP = YES;
				ENABLE_NS_ASSERTIONS = NO;
				ENABLE_STRICT_OBJC_MSGSEND = YES;
				GCC_C_LANGUAGE_STANDARD = gnu99;
				GCC_WARN_64_TO_32_BIT_CONVERSION = YES;
				GCC_WARN_ABOUT_RETURN_TYPE = YES_ERROR;
				GCC_WARN_UNDECLARED_SELECTOR = YES;
				GCC_WARN_UNINITIALIZED_AUTOS = YES_AGGRESSIVE;
				GCC_WARN_UNUSED_FUNCTION = YES;
				GCC_WARN_UNUSED_VARIABLE = YES;
				IPHONEOS_DEPLOYMENT_TARGET = 6.0;
				MTL_ENABLE_DEBUG_INFO = NO;
				SDKROOT = iphoneos;
				VALIDATE_PRODUCT = YES;
			};
			name = Release;
		};
		98D0574619FD16BB009BECED /* Debug */ = {
			isa = XCBuildConfiguration;
			buildSettings = {
				ASSETCATALOG_COMPILER_APPICON_NAME = AppIcon;
				ASSETCATALOG_COMPILER_LAUNCHIMAGE_NAME = LaunchImage;
				INFOPLIST_FILE = TurkcellUpdater/Info.plist;
				LD_RUNPATH_SEARCH_PATHS = "$(inherited) @executable_path/Frameworks";
				PRODUCT_NAME = "$(TARGET_NAME)";
			};
			name = Debug;
		};
		98D0574719FD16BB009BECED /* Release */ = {
			isa = XCBuildConfiguration;
			buildSettings = {
				ASSETCATALOG_COMPILER_APPICON_NAME = AppIcon;
				ASSETCATALOG_COMPILER_LAUNCHIMAGE_NAME = LaunchImage;
				INFOPLIST_FILE = TurkcellUpdater/Info.plist;
				LD_RUNPATH_SEARCH_PATHS = "$(inherited) @executable_path/Frameworks";
				PRODUCT_NAME = "$(TARGET_NAME)";
			};
			name = Release;
		};
		98D0574919FD16BB009BECED /* Debug */ = {
			isa = XCBuildConfiguration;
			buildSettings = {
				BUNDLE_LOADER = "$(TEST_HOST)";
				FRAMEWORK_SEARCH_PATHS = (
					"$(SDKROOT)/Developer/Library/Frameworks",
					"$(inherited)",
				);
				GCC_PREPROCESSOR_DEFINITIONS = (
					"DEBUG=1",
					"$(inherited)",
				);
				INFOPLIST_FILE = TurkcellUpdaterTests/Info.plist;
				LD_RUNPATH_SEARCH_PATHS = "$(inherited) @executable_path/Frameworks @loader_path/Frameworks";
				PRODUCT_NAME = "$(TARGET_NAME)";
				TEST_HOST = "$(BUILT_PRODUCTS_DIR)/TurkcellUpdater.app/TurkcellUpdater";
			};
			name = Debug;
		};
		98D0574A19FD16BB009BECED /* Release */ = {
			isa = XCBuildConfiguration;
			buildSettings = {
				BUNDLE_LOADER = "$(TEST_HOST)";
				FRAMEWORK_SEARCH_PATHS = (
					"$(SDKROOT)/Developer/Library/Frameworks",
					"$(inherited)",
				);
				INFOPLIST_FILE = TurkcellUpdaterTests/Info.plist;
				LD_RUNPATH_SEARCH_PATHS = "$(inherited) @executable_path/Frameworks @loader_path/Frameworks";
				PRODUCT_NAME = "$(TARGET_NAME)";
				TEST_HOST = "$(BUILT_PRODUCTS_DIR)/TurkcellUpdater.app/TurkcellUpdater";
			};
			name = Release;
		};
/* End XCBuildConfiguration section */

/* Begin XCConfigurationList section */
		98D0571D19FD16BB009BECED /* Build configuration list for PBXProject "TurkcellUpdater" */ = {
			isa = XCConfigurationList;
			buildConfigurations = (
				98D0574319FD16BB009BECED /* Debug */,
				98D0574419FD16BB009BECED /* Release */,
			);
			defaultConfigurationIsVisible = 0;
			defaultConfigurationName = Release;
		};
		98D0574519FD16BB009BECED /* Build configuration list for PBXNativeTarget "TurkcellUpdater" */ = {
			isa = XCConfigurationList;
			buildConfigurations = (
				98D0574619FD16BB009BECED /* Debug */,
				98D0574719FD16BB009BECED /* Release */,
			);
			defaultConfigurationIsVisible = 0;
			defaultConfigurationName = Release;
		};
		98D0574819FD16BB009BECED /* Build configuration list for PBXNativeTarget "TurkcellUpdaterTests" */ = {
			isa = XCConfigurationList;
			buildConfigurations = (
				98D0574919FD16BB009BECED /* Debug */,
				98D0574A19FD16BB009BECED /* Release */,
			);
			defaultConfigurationIsVisible = 0;
			defaultConfigurationName = Release;
		};
/* End XCConfigurationList section */
	};
	rootObject = 98D0571A19FD16BB009BECED /* Project object */;
}
